<?xml version="1.0" encoding="utf-8"?>
<Project ToolsVersion="4.0" xmlns="http://schemas.microsoft.com/developer/msbuild/2003">
  <ItemGroup>
    <Filter Include="Resource Files">
      <UniqueIdentifier>{67DA6AB6-F800-4c08-8B7A-83BB121AAD01}</UniqueIdentifier>
      <Extensions>rc;ico;cur;bmp;dlg;rc2;rct;bin;rgs;gif;jpg;jpeg;jpe;resx;tiff;tif;png;wav;mfcribbon-ms</Extensions>
    </Filter>
    <Filter Include="Source">
      <UniqueIdentifier>{4FC737F1-C7A5-4376-A066-2A32D752A2FF}</UniqueIdentifier>
      <Extensions>cpp;c;cc;cxx;c++;cppm;ixx;def;odl;idl;hpj;bat;asm;asmx</Extensions>
    </Filter>
    <Filter Include="Source\Components">
      <UniqueIdentifier>{7ab40b70-1d9c-4a19-a4c1-321b59d95a2d}</UniqueIdentifier>
    </Filter>
  </ItemGroup>
  <ItemGroup>
    <ClCompile Include="Source\Main.cpp">
      <Filter>Source</Filter>
    </ClCompile>
    <ClCompile Include="Source\Components\PlayerComponent.cpp">
      <Filter>Source\Components</Filter>
    </ClCompile>
    <ClCompile Include="Source\Components\RocketComponent.cpp">
      <Filter>Source\Components</Filter>
    </ClCompile>
    <ClCompile Include="Source\SpaceGame.cpp">
      <Filter>Source</Filter>
    </ClCompile>
    <ClCompile Include="Source\Components\AcornComponent.cpp">
      <Filter>Source\Components</Filter>
    </ClCompile>
    <ClCompile Include="Source\Components\GroundComponent.cpp">
      <Filter>Source</Filter>
    </ClCompile>
    <ClCompile Include="Source\SquirrelGame.cpp">
      <Filter>Source</Filter>
    </ClCompile>
    <ClCompile Include="Source\Components\EnemyComponent.cpp">
      <Filter>Source\Components</Filter>
    </ClCompile>
    <ClCompile Include="TurnZone.cpp">
      <Filter>Source\Components</Filter>
    </ClCompile>
    <ClCompile Include="Source\Components\PauseCollisionZone.cpp">
      <Filter>Source\Components</Filter>
    </ClCompile>
    <ClCompile Include="Source\Components\ShadowComponent.cpp">
      <Filter>Source</Filter>
    </ClCompile>
  </ItemGroup>
  <ItemGroup>
    <None Include="..\Build\Assets\Scenes\scene.json">
      <Filter>Resource Files</Filter>
    </None>
    <None Include="cpp.hint" />
    <None Include="..\Build\Assets\Scenes\squirrel_scene.json">
      <Filter>Resource Files</Filter>
    </None>
    <None Include="..\Build\Assets\Scenes\game_over_scene.json">
      <Filter>Resource Files</Filter>
    </None>
  </ItemGroup>
  <ItemGroup>
    <ClInclude Include="Source\Components\PlayerComponent.h">
      <Filter>Source\Components</Filter>
    </ClInclude>
    <ClInclude Include="Source\Components\RocketComponent.h">
      <Filter>Source\Components</Filter>
    </ClInclude>
    <ClInclude Include="Source\SpaceGame.h">
      <Filter>Source</Filter>
    </ClInclude>
    <ClInclude Include="Source\Components\AcornComponent.h">
      <Filter>Source\Components</Filter>
    </ClInclude>
    <ClInclude Include="Source\Components\GroundComponent.h">
      <Filter>Source\Components</Filter>
    </ClInclude>
    <ClInclude Include="Source\SquirrelGame.h">
      <Filter>Source</Filter>
    </ClInclude>
    <ClInclude Include="Source\Components\EnemyComponent.h">
      <Filter>Source\Components</Filter>
    </ClInclude>
    <ClInclude Include="TurnZone.h">
      <Filter>Source\Components</Filter>
    </ClInclude>
    <ClInclude Include="Source\Components\PauseCollisionZone.h">
      <Filter>Source\Components</Filter>
    </ClInclude>
    <ClInclude Include="Source\Components\ShadowComponent.h">
      <Filter>Source\Components</Filter>
    </ClInclude>
  </ItemGroup>
</Project>